{
    "_meta": {
        "hash": {
            "sha256": "78e13689cbf1289b6e206fbfe818402ac4496ec3e69909460f1de065364d299c"
        },
        "pipfile-spec": 6,
        "requires": {
            "python_version": "3.10"
        },
        "sources": [
            {
                "name": "pypi",
                "url": "https://pypi.org/simple",
                "verify_ssl": true
            }
        ]
    },
    "default": {
        "pyscopg2": {
            "hashes": [
                "sha256:b987949a25d6f27610e70a6c0a524be3abd4884d21a86d6c74f23fdc690f9508"
            ],
            "index": "pypi",
            "version": "==66.0.2"
        }
    },
    "develop": {}
}
